
Microsoft Visual Studio Solution File, Format Version 12.00
# Visual Studio Version 16
VisualStudioVersion = 16.0.30709.64
MinimumVisualStudioVersion = 10.0.40219.1
Project("{9A19103F-16F7-4668-BE54-9A1E7A4F7556}") = "Techsola.InstantReplay", "src\Techsola.InstantReplay\Techsola.InstantReplay.csproj", "{BA395A92-F243-451B-BF8B-122F13E355AC}"
EndProject
Project("{9A19103F-16F7-4668-BE54-9A1E7A4F7556}") = "TestWinFormsApp", "src\TestWinFormsApp\TestWinFormsApp.csproj", "{A773CBD9-5495-4132-A6B6-95EE331564E6}"
EndProject
Project("{2150E333-8FDC-42A3-9474-1A3956D46DE8}") = "Solution Items", "Solution Items", "{C380061D-E25A-4415-B5A4-7CFC98C536EC}"
	ProjectSection(SolutionItems) = preProject
		.editorconfig = .editorconfig
		src\Directory.Build.props = src\Directory.Build.props
	EndProjectSection
EndProject
Global
	GlobalSection(SolutionConfigurationPlatforms) = preSolution
		Debug|Any CPU = Debug|Any CPU
		Release|Any CPU = Release|Any CPU
	EndGlobalSection
	GlobalSection(ProjectConfigurationPlatforms) = postSolution
		{BA395A92-F243-451B-BF8B-122F13E355AC}.Debug|Any CPU.ActiveCfg = Debug|Any CPU
		{BA395A92-F243-451B-BF8B-122F13E355AC}.Debug|Any CPU.Build.0 = Debug|Any CPU
		{BA395A92-F243-451B-BF8B-122F13E355AC}.Release|Any CPU.ActiveCfg = Release|Any CPU
		{BA395A92-F243-451B-BF8B-122F13E355AC}.Release|Any CPU.Build.0 = Release|Any CPU
		{A773CBD9-5495-4132-A6B6-95EE331564E6}.Debug|Any CPU.ActiveCfg = Debug|Any CPU
		{A773CBD9-5495-4132-A6B6-95EE331564E6}.Debug|Any CPU.Build.0 = Debug|Any CPU
		{A773CBD9-5495-4132-A6B6-95EE331564E6}.Release|Any CPU.ActiveCfg = Release|Any CPU
		{A773CBD9-5495-4132-A6B6-95EE331564E6}.Release|Any CPU.Build.0 = Release|Any CPU
	EndGlobalSection
	GlobalSection(SolutionProperties) = preSolution
		HideSolutionNode = FALSE
	EndGlobalSection
	GlobalSection(ExtensibilityGlobals) = postSolution
		SolutionGuid = {E57876F9-9637-4618-9789-AAEDE0BC1345}
	EndGlobalSection
EndGlobal
